
Microsoft Visual Studio Solution File, Format Version 12.00
# Visual Studio Version 17
VisualStudioVersion = 17.11.35222.181
MinimumVisualStudioVersion = 10.0.40219.1
Project("{FAE04EC0-301F-11D3-BF4B-00C04F79EFBC}") = "cadastroUser v2", "cadastroUser v2\cadastroUser v2.csproj", "{375E980E-3B89-42B8-9E06-3E189A93861B}"
EndProject
Global
	GlobalSection(SolutionConfigurationPlatforms) = preSolution
		Debug|Any CPU = Debug|Any CPU
		Release|Any CPU = Release|Any CPU
	EndGlobalSection
	GlobalSection(ProjectConfigurationPlatforms) = postSolution
		{375E980E-3B89-42B8-9E06-3E189A93861B}.Debug|Any CPU.ActiveCfg = Debug|Any CPU
		{375E980E-3B89-42B8-9E06-3E189A93861B}.Debug|Any CPU.Build.0 = Debug|Any CPU
		{375E980E-3B89-42B8-9E06-3E189A93861B}.Release|Any CPU.ActiveCfg = Release|Any CPU
		{375E980E-3B89-42B8-9E06-3E189A93861B}.Release|Any CPU.Build.0 = Release|Any CPU
	EndGlobalSection
	GlobalSection(SolutionProperties) = preSolution
		HideSolutionNode = FALSE
	EndGlobalSection
	GlobalSection(ExtensibilityGlobals) = postSolution
		SolutionGuid = {EB35BDB4-FD29-403B-871B-6E70D34AF12A}
	EndGlobalSection
EndGlobal
