
Microsoft Visual Studio Solution File, Format Version 12.00
# Visual Studio Version 17
VisualStudioVersion = 17.11.35222.181
MinimumVisualStudioVersion = 10.0.40219.1
Project("{FAE04EC0-301F-11D3-BF4B-00C04F79EFBC}") = "cadastroUsers", "cadastroUsers\cadastroUsers.csproj", "{7296D9CB-FE2D-4BA3-8659-098651443C0C}"
EndProject
Global
	GlobalSection(SolutionConfigurationPlatforms) = preSolution
		Debug|Any CPU = Debug|Any CPU
		Release|Any CPU = Release|Any CPU
	EndGlobalSection
	GlobalSection(ProjectConfigurationPlatforms) = postSolution
		{7296D9CB-FE2D-4BA3-8659-098651443C0C}.Debug|Any CPU.ActiveCfg = Debug|Any CPU
		{7296D9CB-FE2D-4BA3-8659-098651443C0C}.Debug|Any CPU.Build.0 = Debug|Any CPU
		{7296D9CB-FE2D-4BA3-8659-098651443C0C}.Release|Any CPU.ActiveCfg = Release|Any CPU
		{7296D9CB-FE2D-4BA3-8659-098651443C0C}.Release|Any CPU.Build.0 = Release|Any CPU
	EndGlobalSection
	GlobalSection(SolutionProperties) = preSolution
		HideSolutionNode = FALSE
	EndGlobalSection
	GlobalSection(ExtensibilityGlobals) = postSolution
		SolutionGuid = {B0362FFD-2DB3-40F7-BFE5-14394EBD69E8}
	EndGlobalSection
EndGlobal
